
Microsoft Visual Studio Solution File, Format Version 12.00
# Visual Studio 15
VisualStudioVersion = 15.0.26730.15
MinimumVisualStudioVersion = 10.0.40219.1
Project("{8BC9CEB8-8B4A-11D0-8D11-00A0C91BC942}") = "TCP_client", "TCP_client\TCP_client.vcxproj", "{7A4DBD39-6673-42BD-8CEF-715F8DFA73D8}"
EndProject
Project("{8BC9CEB8-8B4A-11D0-8D11-00A0C91BC942}") = "TCP_server", "TCP_server\TCP_server.vcxproj", "{974B376E-CB73-4425-852B-3AB3DEC0DE9A}"
EndProject
Project("{8BC9CEB8-8B4A-11D0-8D11-00A0C91BC942}") = "RdWr", "..\RdWr\RdWr\RdWr.vcxproj", "{16DDEE40-8078-4C99-8D08-E46A6414BF91}"
EndProject
Global
	GlobalSection(SolutionConfigurationPlatforms) = preSolution
		Debug|x64 = Debug|x64
		Debug|x86 = Debug|x86
		Release|x64 = Release|x64
		Release|x86 = Release|x86
	EndGlobalSection
	GlobalSection(ProjectConfigurationPlatforms) = postSolution
		{7A4DBD39-6673-42BD-8CEF-715F8DFA73D8}.Debug|x64.ActiveCfg = Debug|x64
		{7A4DBD39-6673-42BD-8CEF-715F8DFA73D8}.Debug|x64.Build.0 = Debug|x64
		{7A4DBD39-6673-42BD-8CEF-715F8DFA73D8}.Debug|x86.ActiveCfg = Debug|Win32
		{7A4DBD39-6673-42BD-8CEF-715F8DFA73D8}.Debug|x86.Build.0 = Debug|Win32
		{7A4DBD39-6673-42BD-8CEF-715F8DFA73D8}.Release|x64.ActiveCfg = Release|x64
		{7A4DBD39-6673-42BD-8CEF-715F8DFA73D8}.Release|x64.Build.0 = Release|x64
		{7A4DBD39-6673-42BD-8CEF-715F8DFA73D8}.Release|x86.ActiveCfg = Release|Win32
		{7A4DBD39-6673-42BD-8CEF-715F8DFA73D8}.Release|x86.Build.0 = Release|Win32
		{974B376E-CB73-4425-852B-3AB3DEC0DE9A}.Debug|x64.ActiveCfg = Debug|x64
		{974B376E-CB73-4425-852B-3AB3DEC0DE9A}.Debug|x64.Build.0 = Debug|x64
		{974B376E-CB73-4425-852B-3AB3DEC0DE9A}.Debug|x86.ActiveCfg = Debug|Win32
		{974B376E-CB73-4425-852B-3AB3DEC0DE9A}.Debug|x86.Build.0 = Debug|Win32
		{974B376E-CB73-4425-852B-3AB3DEC0DE9A}.Release|x64.ActiveCfg = Release|x64
		{974B376E-CB73-4425-852B-3AB3DEC0DE9A}.Release|x64.Build.0 = Release|x64
		{974B376E-CB73-4425-852B-3AB3DEC0DE9A}.Release|x86.ActiveCfg = Release|Win32
		{974B376E-CB73-4425-852B-3AB3DEC0DE9A}.Release|x86.Build.0 = Release|Win32
		{16DDEE40-8078-4C99-8D08-E46A6414BF91}.Debug|x64.ActiveCfg = Debug|x64
		{16DDEE40-8078-4C99-8D08-E46A6414BF91}.Debug|x64.Build.0 = Debug|x64
		{16DDEE40-8078-4C99-8D08-E46A6414BF91}.Debug|x86.ActiveCfg = Debug|Win32
		{16DDEE40-8078-4C99-8D08-E46A6414BF91}.Debug|x86.Build.0 = Debug|Win32
		{16DDEE40-8078-4C99-8D08-E46A6414BF91}.Release|x64.ActiveCfg = Release|x64
		{16DDEE40-8078-4C99-8D08-E46A6414BF91}.Release|x64.Build.0 = Release|x64
		{16DDEE40-8078-4C99-8D08-E46A6414BF91}.Release|x86.ActiveCfg = Release|Win32
		{16DDEE40-8078-4C99-8D08-E46A6414BF91}.Release|x86.Build.0 = Release|Win32
	EndGlobalSection
	GlobalSection(SolutionProperties) = preSolution
		HideSolutionNode = FALSE
	EndGlobalSection
	GlobalSection(ExtensibilityGlobals) = postSolution
		SolutionGuid = {705EFCF2-0313-4D8E-8011-448114DD7129}
	EndGlobalSection
EndGlobal
