<?xml version="1.0" encoding="utf-8"?>
<Project ToolsVersion="4.0" xmlns="http://schemas.microsoft.com/developer/msbuild/2003">
  <ItemGroup>
    <Filter Include="Source Files">
      <UniqueIdentifier>{4FC737F1-C7A5-4376-A066-2A32D752A2FF}</UniqueIdentifier>
      <Extensions>cpp;c;cc;cxx;def;odl;idl;hpj;bat;asm;asmx</Extensions>
    </Filter>
    <Filter Include="Header Files">
      <UniqueIdentifier>{93995380-89BD-4b04-88EB-625FBE52EBFB}</UniqueIdentifier>
      <Extensions>h;hh;hpp;hxx;hm;inl;inc;xsd</Extensions>
    </Filter>
    <Filter Include="Resource Files">
      <UniqueIdentifier>{67DA6AB6-F800-4c08-8B7A-83BB121AAD01}</UniqueIdentifier>
      <Extensions>rc;ico;cur;bmp;dlg;rc2;rct;bin;rgs;gif;jpg;jpeg;jpe;resx;tiff;tif;png;wav;mfcribbon-ms</Extensions>
    </Filter>
    <Filter Include="Source Files\core">
      <UniqueIdentifier>{d3bf23fc-f848-4e87-84f2-4c4323802a42}</UniqueIdentifier>
    </Filter>
    <Filter Include="Header Files\core">
      <UniqueIdentifier>{5fe058c4-109f-41b8-893b-c9ae5f832a30}</UniqueIdentifier>
    </Filter>
    <Filter Include="Source Files\Utils">
      <UniqueIdentifier>{1798e01a-fd13-4237-a499-b9316ef21549}</UniqueIdentifier>
    </Filter>
    <Filter Include="Header Files\Utilh">
      <UniqueIdentifier>{2c0d30ab-9498-42da-9821-226017ee1a0b}</UniqueIdentifier>
    </Filter>
  </ItemGroup>
  <ItemGroup>
    <ClCompile Include="main.cpp">
      <Filter>Source Files</Filter>
    </ClCompile>
    <ClCompile Include="TcpController.cpp">
      <Filter>Source Files\core</Filter>
    </ClCompile>
    <ClCompile Include="SocketUtil.cpp">
      <Filter>Source Files\Utils</Filter>
    </ClCompile>
    <ClCompile Include="ParserUtil.cpp">
      <Filter>Source Files\Utils</Filter>
    </ClCompile>
  </ItemGroup>
  <ItemGroup>
    <ClInclude Include="TcpController.h">
      <Filter>Header Files\core</Filter>
    </ClInclude>
    <ClInclude Include="ParserUtil.h">
      <Filter>Header Files\Utilh</Filter>
    </ClInclude>
    <ClInclude Include="SocketUtil.h">
      <Filter>Header Files\Utilh</Filter>
    </ClInclude>
  </ItemGroup>
  <ItemGroup>
    <Image Include="..\..\RdWr\RdWr\jnl.png">
      <Filter>Resource Files</Filter>
    </Image>
  </ItemGroup>
</Project>